// !$*UTF8*$!
{
	archiveVersion = 1;
	classes = {
	};
	objectVersion = 46;
	objects = {

/* Begin PBXBuildFile section */
		9372E72C1F3858C80045942D /* CZLHomeViewController.m in Sources */ = {isa = PBXBuildFile; fileRef = 9372E7221F384F440045942D /* CZLHomeViewController.m */; };
		9372E72D1F3858CC0045942D /* CZLMineViewController.m in Sources */ = {isa = PBXBuildFile; fileRef = 9372E71C1F384F200045942D /* CZLMineViewController.m */; };
		937660AF1F380B1D0063A961 /* main.m in Sources */ = {isa = PBXBuildFile; fileRef = 937660AE1F380B1D0063A961 /* main.m */; };
		937660BA1F380B1D0063A961 /* Assets.xcassets in Resources */ = {isa = PBXBuildFile; fileRef = 937660B91F380B1D0063A961 /* Assets.xcassets */; };
		937660BD1F380B1D0063A961 /* LaunchScreen.storyboard in Resources */ = {isa = PBXBuildFile; fileRef = 937660BB1F380B1D0063A961 /* LaunchScreen.storyboard */; };
		937660C81F380B1D0063A961 /* CZLPracticeTests.m in Sources */ = {isa = PBXBuildFile; fileRef = 937660C71F380B1D0063A961 /* CZLPracticeTests.m */; };
		937660D31F380B1D0063A961 /* CZLPracticeUITests.m in Sources */ = {isa = PBXBuildFile; fileRef = 937660D21F380B1D0063A961 /* CZLPracticeUITests.m */; };
		937660E81F38119F0063A961 /* CZLAppDelegate.m in Sources */ = {isa = PBXBuildFile; fileRef = 937660E71F38119F0063A961 /* CZLAppDelegate.m */; };
		937660EB1F3813C90063A961 /* CZLBaseViewController.m in Sources */ = {isa = PBXBuildFile; fileRef = 937660EA1F3813C90063A961 /* CZLBaseViewController.m */; };
		937660EE1F3814000063A961 /* CZLTabBarController.m in Sources */ = {isa = PBXBuildFile; fileRef = 937660ED1F3814000063A961 /* CZLTabBarController.m */; };
		937660F11F38142E0063A961 /* CZLNavigationController.m in Sources */ = {isa = PBXBuildFile; fileRef = 937660F01F38142E0063A961 /* CZLNavigationController.m */; };
		93A65F221F385B21002E4A28 /* UIView+CZLCategory.m in Sources */ = {isa = PBXBuildFile; fileRef = 93A65F211F385B20002E4A28 /* UIView+CZLCategory.m */; };
		93A65F251F385C50002E4A28 /* CZLTestView.m in Sources */ = {isa = PBXBuildFile; fileRef = 93A65F241F385C50002E4A28 /* CZLTestView.m */; };
		93A65F311F38651F002E4A28 /* UIColor+CZLCategory.m in Sources */ = {isa = PBXBuildFile; fileRef = 93A65F301F38651F002E4A28 /* UIColor+CZLCategory.m */; };
		93D2CCF81F3ED17500C77872 /* CZLCustomView.m in Sources */ = {isa = PBXBuildFile; fileRef = 93D2CCF71F3ED17500C77872 /* CZLCustomView.m */; };
		93D2CCFB1F3ED25600C77872 /* CZLCustomModel.m in Sources */ = {isa = PBXBuildFile; fileRef = 93D2CCFA1F3ED25600C77872 /* CZLCustomModel.m */; };
/* End PBXBuildFile section */

/* Begin PBXContainerItemProxy section */
		937660C41F380B1D0063A961 /* PBXContainerItemProxy */ = {
			isa = PBXContainerItemProxy;
			containerPortal = 937660A21F380B1D0063A961 /* Project object */;
			proxyType = 1;
			remoteGlobalIDString = 937660A91F380B1D0063A961;
			remoteInfo = CZLPractice;
		};
		937660CF1F380B1D0063A961 /* PBXContainerItemProxy */ = {
			isa = PBXContainerItemProxy;
			containerPortal = 937660A21F380B1D0063A961 /* Project object */;
			proxyType = 1;
			remoteGlobalIDString = 937660A91F380B1D0063A961;
			remoteInfo = CZLPractice;
		};
/* End PBXContainerItemProxy section */

/* Begin PBXFileReference section */
		9372E71B1F384F200045942D /* CZLMineViewController.h */ = {isa = PBXFileReference; fileEncoding = 4; lastKnownFileType = sourcecode.c.h; path = CZLMineViewController.h; sourceTree = "<group>"; };
		9372E71C1F384F200045942D /* CZLMineViewController.m */ = {isa = PBXFileReference; fileEncoding = 4; lastKnownFileType = sourcecode.c.objc; path = CZLMineViewController.m; sourceTree = "<group>"; };
		9372E7211F384F440045942D /* CZLHomeViewController.h */ = {isa = PBXFileReference; fileEncoding = 4; lastKnownFileType = sourcecode.c.h; path = CZLHomeViewController.h; sourceTree = "<group>"; };
		9372E7221F384F440045942D /* CZLHomeViewController.m */ = {isa = PBXFileReference; fileEncoding = 4; lastKnownFileType = sourcecode.c.objc; path = CZLHomeViewController.m; sourceTree = "<group>"; };
		9372E7261F384F5E0045942D /* CZLHomeHeader.h */ = {isa = PBXFileReference; lastKnownFileType = sourcecode.c.h; path = CZLHomeHeader.h; sourceTree = "<group>"; };
		9372E7271F384F730045942D /* CZLMineHeader.h */ = {isa = PBXFileReference; lastKnownFileType = sourcecode.c.h; path = CZLMineHeader.h; sourceTree = "<group>"; };
		937660AA1F380B1D0063A961 /* CZLPractice.app */ = {isa = PBXFileReference; explicitFileType = wrapper.application; includeInIndex = 0; path = CZLPractice.app; sourceTree = BUILT_PRODUCTS_DIR; };
		937660AE1F380B1D0063A961 /* main.m */ = {isa = PBXFileReference; lastKnownFileType = sourcecode.c.objc; path = main.m; sourceTree = "<group>"; };
		937660B91F380B1D0063A961 /* Assets.xcassets */ = {isa = PBXFileReference; lastKnownFileType = folder.assetcatalog; path = Assets.xcassets; sourceTree = "<group>"; };
		937660BC1F380B1D0063A961 /* Base */ = {isa = PBXFileReference; lastKnownFileType = file.storyboard; name = Base; path = Base.lproj/LaunchScreen.storyboard; sourceTree = "<group>"; };
		937660BE1F380B1D0063A961 /* Info.plist */ = {isa = PBXFileReference; lastKnownFileType = text.plist.xml; path = Info.plist; sourceTree = "<group>"; };
		937660C31F380B1D0063A961 /* CZLPracticeTests.xctest */ = {isa = PBXFileReference; explicitFileType = wrapper.cfbundle; includeInIndex = 0; path = CZLPracticeTests.xctest; sourceTree = BUILT_PRODUCTS_DIR; };
		937660C71F380B1D0063A961 /* CZLPracticeTests.m */ = {isa = PBXFileReference; lastKnownFileType = sourcecode.c.objc; path = CZLPracticeTests.m; sourceTree = "<group>"; };
		937660C91F380B1D0063A961 /* Info.plist */ = {isa = PBXFileReference; lastKnownFileType = text.plist.xml; path = Info.plist; sourceTree = "<group>"; };
		937660CE1F380B1D0063A961 /* CZLPracticeUITests.xctest */ = {isa = PBXFileReference; explicitFileType = wrapper.cfbundle; includeInIndex = 0; path = CZLPracticeUITests.xctest; sourceTree = BUILT_PRODUCTS_DIR; };
		937660D21F380B1D0063A961 /* CZLPracticeUITests.m */ = {isa = PBXFileReference; lastKnownFileType = sourcecode.c.objc; path = CZLPracticeUITests.m; sourceTree = "<group>"; };
		937660D41F380B1D0063A961 /* Info.plist */ = {isa = PBXFileReference; lastKnownFileType = text.plist.xml; path = Info.plist; sourceTree = "<group>"; };
		937660E61F38119F0063A961 /* CZLAppDelegate.h */ = {isa = PBXFileReference; fileEncoding = 4; lastKnownFileType = sourcecode.c.h; path = CZLAppDelegate.h; sourceTree = "<group>"; };
		937660E71F38119F0063A961 /* CZLAppDelegate.m */ = {isa = PBXFileReference; fileEncoding = 4; lastKnownFileType = sourcecode.c.objc; path = CZLAppDelegate.m; sourceTree = "<group>"; };
		937660E91F3813C90063A961 /* CZLBaseViewController.h */ = {isa = PBXFileReference; fileEncoding = 4; lastKnownFileType = sourcecode.c.h; path = CZLBaseViewController.h; sourceTree = "<group>"; };
		937660EA1F3813C90063A961 /* CZLBaseViewController.m */ = {isa = PBXFileReference; fileEncoding = 4; lastKnownFileType = sourcecode.c.objc; path = CZLBaseViewController.m; sourceTree = "<group>"; };
		937660EC1F3814000063A961 /* CZLTabBarController.h */ = {isa = PBXFileReference; fileEncoding = 4; lastKnownFileType = sourcecode.c.h; path = CZLTabBarController.h; sourceTree = "<group>"; };
		937660ED1F3814000063A961 /* CZLTabBarController.m */ = {isa = PBXFileReference; fileEncoding = 4; lastKnownFileType = sourcecode.c.objc; path = CZLTabBarController.m; sourceTree = "<group>"; };
		937660EF1F38142E0063A961 /* CZLNavigationController.h */ = {isa = PBXFileReference; fileEncoding = 4; lastKnownFileType = sourcecode.c.h; path = CZLNavigationController.h; sourceTree = "<group>"; };
		937660F01F38142E0063A961 /* CZLNavigationController.m */ = {isa = PBXFileReference; fileEncoding = 4; lastKnownFileType = sourcecode.c.objc; path = CZLNavigationController.m; sourceTree = "<group>"; };
		93A65F201F385B20002E4A28 /* UIView+CZLCategory.h */ = {isa = PBXFileReference; fileEncoding = 4; lastKnownFileType = sourcecode.c.h; path = "UIView+CZLCategory.h"; sourceTree = "<group>"; };
		93A65F211F385B20002E4A28 /* UIView+CZLCategory.m */ = {isa = PBXFileReference; fileEncoding = 4; lastKnownFileType = sourcecode.c.objc; path = "UIView+CZLCategory.m"; sourceTree = "<group>"; };
		93A65F231F385C50002E4A28 /* CZLTestView.h */ = {isa = PBXFileReference; fileEncoding = 4; lastKnownFileType = sourcecode.c.h; path = CZLTestView.h; sourceTree = "<group>"; };
		93A65F241F385C50002E4A28 /* CZLTestView.m */ = {isa = PBXFileReference; fileEncoding = 4; lastKnownFileType = sourcecode.c.objc; path = CZLTestView.m; sourceTree = "<group>"; };
		93A65F2F1F38651F002E4A28 /* UIColor+CZLCategory.h */ = {isa = PBXFileReference; fileEncoding = 4; lastKnownFileType = sourcecode.c.h; path = "UIColor+CZLCategory.h"; sourceTree = "<group>"; };
		93A65F301F38651F002E4A28 /* UIColor+CZLCategory.m */ = {isa = PBXFileReference; fileEncoding = 4; lastKnownFileType = sourcecode.c.objc; path = "UIColor+CZLCategory.m"; sourceTree = "<group>"; };
		93A65F321F38679D002E4A28 /* CZLCategoryHeader.h */ = {isa = PBXFileReference; lastKnownFileType = sourcecode.c.h; path = CZLCategoryHeader.h; sourceTree = "<group>"; };
		93D2CCF61F3ED17500C77872 /* CZLCustomView.h */ = {isa = PBXFileReference; fileEncoding = 4; lastKnownFileType = sourcecode.c.h; path = CZLCustomView.h; sourceTree = "<group>"; };
		93D2CCF71F3ED17500C77872 /* CZLCustomView.m */ = {isa = PBXFileReference; fileEncoding = 4; lastKnownFileType = sourcecode.c.objc; path = CZLCustomView.m; sourceTree = "<group>"; };
		93D2CCF91F3ED25600C77872 /* CZLCustomModel.h */ = {isa = PBXFileReference; fileEncoding = 4; lastKnownFileType = sourcecode.c.h; path = CZLCustomModel.h; sourceTree = "<group>"; };
		93D2CCFA1F3ED25600C77872 /* CZLCustomModel.m */ = {isa = PBXFileReference; fileEncoding = 4; lastKnownFileType = sourcecode.c.objc; path = CZLCustomModel.m; sourceTree = "<group>"; };
/* End PBXFileReference section */

/* Begin PBXFrameworksBuildPhase section */
		937660A71F380B1D0063A961 /* Frameworks */ = {
			isa = PBXFrameworksBuildPhase;
			buildActionMask = 2147483647;
			files = (
			);
			runOnlyForDeploymentPostprocessing = 0;
		};
		937660C01F380B1D0063A961 /* Frameworks */ = {
			isa = PBXFrameworksBuildPhase;
			buildActionMask = 2147483647;
			files = (
			);
			runOnlyForDeploymentPostprocessing = 0;
		};
		937660CB1F380B1D0063A961 /* Frameworks */ = {
			isa = PBXFrameworksBuildPhase;
			buildActionMask = 2147483647;
			files = (
			);
			runOnlyForDeploymentPostprocessing = 0;
		};
/* End PBXFrameworksBuildPhase section */

/* Begin PBXGroup section */
		9372E71A1F384F200045942D /* Controller */ = {
			isa = PBXGroup;
			children = (
				9372E71B1F384F200045942D /* CZLMineViewController.h */,
				9372E71C1F384F200045942D /* CZLMineViewController.m */,
			);
			path = Controller;
			sourceTree = "<group>";
		};
		9372E71D1F384F200045942D /* Model */ = {
			isa = PBXGroup;
			children = (
			);
			path = Model;
			sourceTree = "<group>";
		};
		9372E71E1F384F200045942D /* View */ = {
			isa = PBXGroup;
			children = (
				93A65F231F385C50002E4A28 /* CZLTestView.h */,
				93A65F241F385C50002E4A28 /* CZLTestView.m */,
			);
			path = View;
			sourceTree = "<group>";
		};
		9372E7201F384F440045942D /* Controller */ = {
			isa = PBXGroup;
			children = (
				9372E7211F384F440045942D /* CZLHomeViewController.h */,
				9372E7221F384F440045942D /* CZLHomeViewController.m */,
			);
			path = Controller;
			sourceTree = "<group>";
		};
		9372E7231F384F440045942D /* Model */ = {
			isa = PBXGroup;
			children = (
			);
			path = Model;
			sourceTree = "<group>";
		};
		9372E7241F384F440045942D /* View */ = {
			isa = PBXGroup;
			children = (
			);
			path = View;
			sourceTree = "<group>";
		};
		937660A11F380B1D0063A961 = {
			isa = PBXGroup;
			children = (
				937660AC1F380B1D0063A961 /* CZLPractice */,
				937660C61F380B1D0063A961 /* CZLPracticeTests */,
				937660D11F380B1D0063A961 /* CZLPracticeUITests */,
				937660AB1F380B1D0063A961 /* Products */,
			);
			sourceTree = "<group>";
		};
		937660AB1F380B1D0063A961 /* Products */ = {
			isa = PBXGroup;
			children = (
				937660AA1F380B1D0063A961 /* CZLPractice.app */,
				937660C31F380B1D0063A961 /* CZLPracticeTests.xctest */,
				937660CE1F380B1D0063A961 /* CZLPracticeUITests.xctest */,
			);
			name = Products;
			sourceTree = "<group>";
		};
		937660AC1F380B1D0063A961 /* CZLPractice */ = {
			isa = PBXGroup;
			children = (
				937660E01F380EEA0063A961 /* Classes */,
				937660B91F380B1D0063A961 /* Assets.xcassets */,
				937660BB1F380B1D0063A961 /* LaunchScreen.storyboard */,
				937660BE1F380B1D0063A961 /* Info.plist */,
				937660AD1F380B1D0063A961 /* Supporting Files */,
			);
			path = CZLPractice;
			sourceTree = "<group>";
		};
		937660AD1F380B1D0063A961 /* Supporting Files */ = {
			isa = PBXGroup;
			children = (
				937660AE1F380B1D0063A961 /* main.m */,
			);
			name = "Supporting Files";
			sourceTree = "<group>";
		};
		937660C61F380B1D0063A961 /* CZLPracticeTests */ = {
			isa = PBXGroup;
			children = (
				937660C71F380B1D0063A961 /* CZLPracticeTests.m */,
				937660C91F380B1D0063A961 /* Info.plist */,
			);
			path = CZLPracticeTests;
			sourceTree = "<group>";
		};
		937660D11F380B1D0063A961 /* CZLPracticeUITests */ = {
			isa = PBXGroup;
			children = (
				937660D21F380B1D0063A961 /* CZLPracticeUITests.m */,
				937660D41F380B1D0063A961 /* Info.plist */,
			);
			path = CZLPracticeUITests;
			sourceTree = "<group>";
		};
		937660E01F380EEA0063A961 /* Classes */ = {
			isa = PBXGroup;
			children = (
				937660E21F380EEA0063A961 /* Home */,
				937660E41F380EEA0063A961 /* Mine */,
				937660E31F380EEA0063A961 /* Main */,
				937660E11F380EEA0063A961 /* Category */,
				937660E51F380EEA0063A961 /* Root */,
			);
			path = Classes;
			sourceTree = "<group>";
		};
		937660E11F380EEA0063A961 /* Category */ = {
			isa = PBXGroup;
			children = (
				93A65F321F38679D002E4A28 /* CZLCategoryHeader.h */,
				93A65F2F1F38651F002E4A28 /* UIColor+CZLCategory.h */,
				93A65F301F38651F002E4A28 /* UIColor+CZLCategory.m */,
				93A65F201F385B20002E4A28 /* UIView+CZLCategory.h */,
				93A65F211F385B20002E4A28 /* UIView+CZLCategory.m */,
			);
			path = Category;
			sourceTree = "<group>";
		};
		937660E21F380EEA0063A961 /* Home */ = {
			isa = PBXGroup;
			children = (
				9372E7261F384F5E0045942D /* CZLHomeHeader.h */,
				9372E7201F384F440045942D /* Controller */,
				9372E7231F384F440045942D /* Model */,
				9372E7241F384F440045942D /* View */,
			);
			path = Home;
			sourceTree = "<group>";
		};
		937660E31F380EEA0063A961 /* Main */ = {
			isa = PBXGroup;
			children = (
			);
			path = Main;
			sourceTree = "<group>";
		};
		937660E41F380EEA0063A961 /* Mine */ = {
			isa = PBXGroup;
			children = (
				9372E7271F384F730045942D /* CZLMineHeader.h */,
				9372E71A1F384F200045942D /* Controller */,
				9372E71D1F384F200045942D /* Model */,
				9372E71E1F384F200045942D /* View */,
			);
			path = Mine;
			sourceTree = "<group>";
		};
		937660E51F380EEA0063A961 /* Root */ = {
			isa = PBXGroup;
			children = (
				937660E61F38119F0063A961 /* CZLAppDelegate.h */,
				937660E71F38119F0063A961 /* CZLAppDelegate.m */,
				937660EC1F3814000063A961 /* CZLTabBarController.h */,
				937660ED1F3814000063A961 /* CZLTabBarController.m */,
				937660E91F3813C90063A961 /* CZLBaseViewController.h */,
				937660EA1F3813C90063A961 /* CZLBaseViewController.m */,
				937660EF1F38142E0063A961 /* CZLNavigationController.h */,
				937660F01F38142E0063A961 /* CZLNavigationController.m */,
				93D2CCF61F3ED17500C77872 /* CZLCustomView.h */,
				93D2CCF71F3ED17500C77872 /* CZLCustomView.m */,
				93D2CCF91F3ED25600C77872 /* CZLCustomModel.h */,
				93D2CCFA1F3ED25600C77872 /* CZLCustomModel.m */,
			);
			path = Root;
			sourceTree = "<group>";
		};
/* End PBXGroup section */

/* Begin PBXNativeTarget section */
		937660A91F380B1D0063A961 /* CZLPractice */ = {
			isa = PBXNativeTarget;
			buildConfigurationList = 937660D71F380B1D0063A961 /* Build configuration list for PBXNativeTarget "CZLPractice" */;
			buildPhases = (
				937660A61F380B1D0063A961 /* Sources */,
				937660A71F380B1D0063A961 /* Frameworks */,
				937660A81F380B1D0063A961 /* Resources */,
			);
			buildRules = (
			);
			dependencies = (
			);
			name = CZLPractice;
			productName = CZLPractice;
			productReference = 937660AA1F380B1D0063A961 /* CZLPractice.app */;
			productType = "com.apple.product-type.application";
		};
		937660C21F380B1D0063A961 /* CZLPracticeTests */ = {
			isa = PBXNativeTarget;
			buildConfigurationList = 937660DA1F380B1D0063A961 /* Build configuration list for PBXNativeTarget "CZLPracticeTests" */;
			buildPhases = (
				937660BF1F380B1D0063A961 /* Sources */,
				937660C01F380B1D0063A961 /* Frameworks */,
				937660C11F380B1D0063A961 /* Resources */,
			);
			buildRules = (
			);
			dependencies = (
				937660C51F380B1D0063A961 /* PBXTargetDependency */,
			);
			name = CZLPracticeTests;
			productName = CZLPracticeTests;
			productReference = 937660C31F380B1D0063A961 /* CZLPracticeTests.xctest */;
			productType = "com.apple.product-type.bundle.unit-test";
		};
		937660CD1F380B1D0063A961 /* CZLPracticeUITests */ = {
			isa = PBXNativeTarget;
			buildConfigurationList = 937660DD1F380B1D0063A961 /* Build configuration list for PBXNativeTarget "CZLPracticeUITests" */;
			buildPhases = (
				937660CA1F380B1D0063A961 /* Sources */,
				937660CB1F380B1D0063A961 /* Frameworks */,
				937660CC1F380B1D0063A961 /* Resources */,
			);
			buildRules = (
			);
			dependencies = (
				937660D01F380B1D0063A961 /* PBXTargetDependency */,
			);
			name = CZLPracticeUITests;
			productName = CZLPracticeUITests;
			productReference = 937660CE1F380B1D0063A961 /* CZLPracticeUITests.xctest */;
			productType = "com.apple.product-type.bundle.ui-testing";
		};
/* End PBXNativeTarget section */

/* Begin PBXProject section */
		937660A21F380B1D0063A961 /* Project object */ = {
			isa = PBXProject;
			attributes = {
				CLASSPREFIX = CZL;
				LastUpgradeCheck = 0810;
				ORGANIZATIONNAME = DerenChen;
				TargetAttributes = {
					937660A91F380B1D0063A961 = {
						CreatedOnToolsVersion = 8.1;
						ProvisioningStyle = Automatic;
					};
					937660C21F380B1D0063A961 = {
						CreatedOnToolsVersion = 8.1;
						ProvisioningStyle = Automatic;
						TestTargetID = 937660A91F380B1D0063A961;
					};
					937660CD1F380B1D0063A961 = {
						CreatedOnToolsVersion = 8.1;
						ProvisioningStyle = Automatic;
						TestTargetID = 937660A91F380B1D0063A961;
					};
				};
			};
			buildConfigurationList = 937660A51F380B1D0063A961 /* Build configuration list for PBXProject "CZLPractice" */;
			compatibilityVersion = "Xcode 3.2";
			developmentRegion = English;
			hasScannedForEncodings = 0;
			knownRegions = (
				en,
				Base,
			);
			mainGroup = 937660A11F380B1D0063A961;
			productRefGroup = 937660AB1F380B1D0063A961 /* Products */;
			projectDirPath = "";
			projectRoot = "";
			targets = (
				937660A91F380B1D0063A961 /* CZLPractice */,
				937660C21F380B1D0063A961 /* CZLPracticeTests */,
				937660CD1F380B1D0063A961 /* CZLPracticeUITests */,
			);
		};
/* End PBXProject section */

/* Begin PBXResourcesBuildPhase section */
		937660A81F380B1D0063A961 /* Resources */ = {
			isa = PBXResourcesBuildPhase;
			buildActionMask = 2147483647;
			files = (
				937660BD1F380B1D0063A961 /* LaunchScreen.storyboard in Resources */,
				937660BA1F380B1D0063A961 /* Assets.xcassets in Resources */,
			);
			runOnlyForDeploymentPostprocessing = 0;
		};
		937660C11F380B1D0063A961 /* Resources */ = {
			isa = PBXResourcesBuildPhase;
			buildActionMask = 2147483647;
			files = (
			);
			runOnlyForDeploymentPostprocessing = 0;
		};
		937660CC1F380B1D0063A961 /* Resources */ = {
			isa = PBXResourcesBuildPhase;
			buildActionMask = 2147483647;
			files = (
			);
			runOnlyForDeploymentPostprocessing = 0;
		};
/* End PBXResourcesBuildPhase section */

/* Begin PBXSourcesBuildPhase section */
		937660A61F380B1D0063A961 /* Sources */ = {
			isa = PBXSourcesBuildPhase;
			buildActionMask = 2147483647;
			files = (
				93D2CCFB1F3ED25600C77872 /* CZLCustomModel.m in Sources */,
				9372E72D1F3858CC0045942D /* CZLMineViewController.m in Sources */,
				9372E72C1F3858C80045942D /* CZLHomeViewController.m in Sources */,
				93A65F221F385B21002E4A28 /* UIView+CZLCategory.m in Sources */,
				937660EB1F3813C90063A961 /* CZLBaseViewController.m in Sources */,
				93D2CCF81F3ED17500C77872 /* CZLCustomView.m in Sources */,
				93A65F251F385C50002E4A28 /* CZLTestView.m in Sources */,
				93A65F311F38651F002E4A28 /* UIColor+CZLCategory.m in Sources */,
				937660EE1F3814000063A961 /* CZLTabBarController.m in Sources */,
				937660F11F38142E0063A961 /* CZLNavigationController.m in Sources */,
				937660E81F38119F0063A961 /* CZLAppDelegate.m in Sources */,
				937660AF1F380B1D0063A961 /* main.m in Sources */,
			);
			runOnlyForDeploymentPostprocessing = 0;
		};
		937660BF1F380B1D0063A961 /* Sources */ = {
			isa = PBXSourcesBuildPhase;
			buildActionMask = 2147483647;
			files = (
				937660C81F380B1D0063A961 /* CZLPracticeTests.m in Sources */,
			);
			runOnlyForDeploymentPostprocessing = 0;
		};
		937660CA1F380B1D0063A961 /* Sources */ = {
			isa = PBXSourcesBuildPhase;
			buildActionMask = 2147483647;
			files = (
				937660D31F380B1D0063A961 /* CZLPracticeUITests.m in Sources */,
			);
			runOnlyForDeploymentPostprocessing = 0;
		};
/* End PBXSourcesBuildPhase section */

/* Begin PBXTargetDependency section */
		937660C51F380B1D0063A961 /* PBXTargetDependency */ = {
			isa = PBXTargetDependency;
			target = 937660A91F380B1D0063A961 /* CZLPractice */;
			targetProxy = 937660C41F380B1D0063A961 /* PBXContainerItemProxy */;
		};
		937660D01F380B1D0063A961 /* PBXTargetDependency */ = {
			isa = PBXTargetDependency;
			target = 937660A91F380B1D0063A961 /* CZLPractice */;
			targetProxy = 937660CF1F380B1D0063A961 /* PBXContainerItemProxy */;
		};
/* End PBXTargetDependency section */

/* Begin PBXVariantGroup section */
		937660BB1F380B1D0063A961 /* LaunchScreen.storyboard */ = {
			isa = PBXVariantGroup;
			children = (
				937660BC1F380B1D0063A961 /* Base */,
			);
			name = LaunchScreen.storyboard;
			sourceTree = "<group>";
		};
/* End PBXVariantGroup section */

/* Begin XCBuildConfiguration section */
		937660D51F380B1D0063A961 /* Debug */ = {
			isa = XCBuildConfiguration;
			buildSettings = {
				ALWAYS_SEARCH_USER_PATHS = NO;
				CLANG_ANALYZER_NONNULL = YES;
				CLANG_CXX_LANGUAGE_STANDARD = "gnu++0x";
				CLANG_CXX_LIBRARY = "libc++";
				CLANG_ENABLE_MODULES = YES;
				CLANG_ENABLE_OBJC_ARC = YES;
				CLANG_WARN_BOOL_CONVERSION = YES;
				CLANG_WARN_CONSTANT_CONVERSION = YES;
				CLANG_WARN_DIRECT_OBJC_ISA_USAGE = YES_ERROR;
				CLANG_WARN_DOCUMENTATION_COMMENTS = YES;
				CLANG_WARN_EMPTY_BODY = YES;
				CLANG_WARN_ENUM_CONVERSION = YES;
				CLANG_WARN_INFINITE_RECURSION = YES;
				CLANG_WARN_INT_CONVERSION = YES;
				CLANG_WARN_OBJC_ROOT_CLASS = YES_ERROR;
				CLANG_WARN_SUSPICIOUS_MOVES = YES;
				CLANG_WARN_UNREACHABLE_CODE = YES;
				CLANG_WARN__DUPLICATE_METHOD_MATCH = YES;
				"CODE_SIGN_IDENTITY[sdk=iphoneos*]" = "iPhone Developer";
				COPY_PHASE_STRIP = NO;
				DEBUG_INFORMATION_FORMAT = dwarf;
				ENABLE_STRICT_OBJC_MSGSEND = YES;
				ENABLE_TESTABILITY = YES;
				GCC_C_LANGUAGE_STANDARD = gnu99;
				GCC_DYNAMIC_NO_PIC = NO;
				GCC_NO_COMMON_BLOCKS = YES;
				GCC_OPTIMIZATION_LEVEL = 0;
				GCC_PREPROCESSOR_DEFINITIONS = (
					"DEBUG=1",
					"$(inherited)",
				);
				GCC_WARN_64_TO_32_BIT_CONVERSION = YES;
				GCC_WARN_ABOUT_RETURN_TYPE = YES_ERROR;
				GCC_WARN_UNDECLARED_SELECTOR = YES;
				GCC_WARN_UNINITIALIZED_AUTOS = YES_AGGRESSIVE;
				GCC_WARN_UNUSED_FUNCTION = YES;
				GCC_WARN_UNUSED_VARIABLE = YES;
				IPHONEOS_DEPLOYMENT_TARGET = 10.1;
				MTL_ENABLE_DEBUG_INFO = YES;
				ONLY_ACTIVE_ARCH = YES;
				SDKROOT = iphoneos;
			};
			name = Debug;
		};
		937660D61F380B1D0063A961 /* Release */ = {
			isa = XCBuildConfiguration;
			buildSettings = {
				ALWAYS_SEARCH_USER_PATHS = NO;
				CLANG_ANALYZER_NONNULL = YES;
				CLANG_CXX_LANGUAGE_STANDARD = "gnu++0x";
				CLANG_CXX_LIBRARY = "libc++";
				CLANG_ENABLE_MODULES = YES;
				CLANG_ENABLE_OBJC_ARC = YES;
				CLANG_WARN_BOOL_CONVERSION = YES;
				CLANG_WARN_CONSTANT_CONVERSION = YES;
				CLANG_WARN_DIRECT_OBJC_ISA_USAGE = YES_ERROR;
				CLANG_WARN_DOCUMENTATION_COMMENTS = YES;
				CLANG_WARN_EMPTY_BODY = YES;
				CLANG_WARN_ENUM_CONVERSION = YES;
				CLANG_WARN_INFINITE_RECURSION = YES;
				CLANG_WARN_INT_CONVERSION = YES;
				CLANG_WARN_OBJC_ROOT_CLASS = YES_ERROR;
				CLANG_WARN_SUSPICIOUS_MOVES = YES;
				CLANG_WARN_UNREACHABLE_CODE = YES;
				CLANG_WARN__DUPLICATE_METHOD_MATCH = YES;
				"CODE_SIGN_IDENTITY[sdk=iphoneos*]" = "iPhone Developer";
				COPY_PHASE_STRIP = NO;
				DEBUG_INFORMATION_FORMAT = "dwarf-with-dsym";
				ENABLE_NS_ASSERTIONS = NO;
				ENABLE_STRICT_OBJC_MSGSEND = YES;
				GCC_C_LANGUAGE_STANDARD = gnu99;
				GCC_NO_COMMON_BLOCKS = YES;
				GCC_WARN_64_TO_32_BIT_CONVERSION = YES;
				GCC_WARN_ABOUT_RETURN_TYPE = YES_ERROR;
				GCC_WARN_UNDECLARED_SELECTOR = YES;
				GCC_WARN_UNINITIALIZED_AUTOS = YES_AGGRESSIVE;
				GCC_WARN_UNUSED_FUNCTION = YES;
				GCC_WARN_UNUSED_VARIABLE = YES;
				IPHONEOS_DEPLOYMENT_TARGET = 10.1;
				MTL_ENABLE_DEBUG_INFO = NO;
				SDKROOT = iphoneos;
				VALIDATE_PRODUCT = YES;
			};
			name = Release;
		};
		937660D81F380B1D0063A961 /* Debug */ = {
			isa = XCBuildConfiguration;
			buildSettings = {
				ASSETCATALOG_COMPILER_APPICON_NAME = AppIcon;
				DEVELOPMENT_TEAM = "";
				INFOPLIST_FILE = CZLPractice/Info.plist;
				IPHONEOS_DEPLOYMENT_TARGET = 8.0;
				LD_RUNPATH_SEARCH_PATHS = "$(inherited) @executable_path/Frameworks";
				PRODUCT_BUNDLE_IDENTIFIER = com.deren.CZLPractice;
				PRODUCT_NAME = "$(TARGET_NAME)";
			};
			name = Debug;
		};
		937660D91F380B1D0063A961 /* Release */ = {
			isa = XCBuildConfiguration;
			buildSettings = {
				ASSETCATALOG_COMPILER_APPICON_NAME = AppIcon;
				DEVELOPMENT_TEAM = "";
				INFOPLIST_FILE = CZLPractice/Info.plist;
				IPHONEOS_DEPLOYMENT_TARGET = 8.0;
				LD_RUNPATH_SEARCH_PATHS = "$(inherited) @executable_path/Frameworks";
				PRODUCT_BUNDLE_IDENTIFIER = com.deren.CZLPractice;
				PRODUCT_NAME = "$(TARGET_NAME)";
			};
			name = Release;
		};
		937660DB1F380B1D0063A961 /* Debug */ = {
			isa = XCBuildConfiguration;
			buildSettings = {
				BUNDLE_LOADER = "$(TEST_HOST)";
				INFOPLIST_FILE = CZLPracticeTests/Info.plist;
				LD_RUNPATH_SEARCH_PATHS = "$(inherited) @executable_path/Frameworks @loader_path/Frameworks";
				PRODUCT_BUNDLE_IDENTIFIER = com.deren.CZLPracticeTests;
				PRODUCT_NAME = "$(TARGET_NAME)";
				TEST_HOST = "$(BUILT_PRODUCTS_DIR)/CZLPractice.app/CZLPractice";
			};
			name = Debug;
		};
		937660DC1F380B1D0063A961 /* Release */ = {
			isa = XCBuildConfiguration;
			buildSettings = {
				BUNDLE_LOADER = "$(TEST_HOST)";
				INFOPLIST_FILE = CZLPracticeTests/Info.plist;
				LD_RUNPATH_SEARCH_PATHS = "$(inherited) @executable_path/Frameworks @loader_path/Frameworks";
				PRODUCT_BUNDLE_IDENTIFIER = com.deren.CZLPracticeTests;
				PRODUCT_NAME = "$(TARGET_NAME)";
				TEST_HOST = "$(BUILT_PRODUCTS_DIR)/CZLPractice.app/CZLPractice";
			};
			name = Release;
		};
		937660DE1F380B1D0063A961 /* Debug */ = {
			isa = XCBuildConfiguration;
			buildSettings = {
				INFOPLIST_FILE = CZLPracticeUITests/Info.plist;
				LD_RUNPATH_SEARCH_PATHS = "$(inherited) @executable_path/Frameworks @loader_path/Frameworks";
				PRODUCT_BUNDLE_IDENTIFIER = com.deren.CZLPracticeUITests;
				PRODUCT_NAME = "$(TARGET_NAME)";
				TEST_TARGET_NAME = CZLPractice;
			};
			name = Debug;
		};
		937660DF1F380B1D0063A961 /* Release */ = {
			isa = XCBuildConfiguration;
			buildSettings = {
				INFOPLIST_FILE = CZLPracticeUITests/Info.plist;
				LD_RUNPATH_SEARCH_PATHS = "$(inherited) @executable_path/Frameworks @loader_path/Frameworks";
				PRODUCT_BUNDLE_IDENTIFIER = com.deren.CZLPracticeUITests;
				PRODUCT_NAME = "$(TARGET_NAME)";
				TEST_TARGET_NAME = CZLPractice;
			};
			name = Release;
		};
/* End XCBuildConfiguration section */

/* Begin XCConfigurationList section */
		937660A51F380B1D0063A961 /* Build configuration list for PBXProject "CZLPractice" */ = {
			isa = XCConfigurationList;
			buildConfigurations = (
				937660D51F380B1D0063A961 /* Debug */,
				937660D61F380B1D0063A961 /* Release */,
			);
			defaultConfigurationIsVisible = 0;
			defaultConfigurationName = Release;
		};
		937660D71F380B1D0063A961 /* Build configuration list for PBXNativeTarget "CZLPractice" */ = {
			isa = XCConfigurationList;
			buildConfigurations = (
				937660D81F380B1D0063A961 /* Debug */,
				937660D91F380B1D0063A961 /* Release */,
			);
			defaultConfigurationIsVisible = 0;
			defaultConfigurationName = Release;
		};
		937660DA1F380B1D0063A961 /* Build configuration list for PBXNativeTarget "CZLPracticeTests" */ = {
			isa = XCConfigurationList;
			buildConfigurations = (
				937660DB1F380B1D0063A961 /* Debug */,
				937660DC1F380B1D0063A961 /* Release */,
			);
			defaultConfigurationIsVisible = 0;
			defaultConfigurationName = Release;
		};
		937660DD1F380B1D0063A961 /* Build configuration list for PBXNativeTarget "CZLPracticeUITests" */ = {
			isa = XCConfigurationList;
			buildConfigurations = (
				937660DE1F380B1D0063A961 /* Debug */,
				937660DF1F380B1D0063A961 /* Release */,
			);
			defaultConfigurationIsVisible = 0;
			defaultConfigurationName = Release;
		};
/* End XCConfigurationList section */
	};
	rootObject = 937660A21F380B1D0063A961 /* Project object */;
}
