// !$*UTF8*$!
{
	archiveVersion = 1;
	classes = {
	};
	objectVersion = 48;
	objects = {

/* Begin PBXBuildFile section */
		936AE25D1FDBB94900CD9F18 /* AppDelegate.swift in Sources */ = {isa = PBXBuildFile; fileRef = 936AE25C1FDBB94900CD9F18 /* AppDelegate.swift */; };
		936AE2641FDBB94900CD9F18 /* Assets.xcassets in Resources */ = {isa = PBXBuildFile; fileRef = 936AE2631FDBB94900CD9F18 /* Assets.xcassets */; };
		936AE2671FDBB94900CD9F18 /* LaunchScreen.storyboard in Resources */ = {isa = PBXBuildFile; fileRef = 936AE2651FDBB94900CD9F18 /* LaunchScreen.storyboard */; };
		936AE2741FDBBB0600CD9F18 /* ZLTabBarController.swift in Sources */ = {isa = PBXBuildFile; fileRef = 936AE2731FDBBB0600CD9F18 /* ZLTabBarController.swift */; };
		936AE2761FDBBB3400CD9F18 /* ZLBaseViewController.swift in Sources */ = {isa = PBXBuildFile; fileRef = 936AE2751FDBBB3400CD9F18 /* ZLBaseViewController.swift */; };
		936AE27C1FDBBC0F00CD9F18 /* ZLMineViewController.swift in Sources */ = {isa = PBXBuildFile; fileRef = 936AE27B1FDBBC0F00CD9F18 /* ZLMineViewController.swift */; };
		936AE27E1FDBBC1C00CD9F18 /* ZLMainViewController.swift in Sources */ = {isa = PBXBuildFile; fileRef = 936AE27D1FDBBC1C00CD9F18 /* ZLMainViewController.swift */; };
		936AE2841FDBC6C800CD9F18 /* ZLUIColor+Extension.swift in Sources */ = {isa = PBXBuildFile; fileRef = 936AE2831FDBC6C800CD9F18 /* ZLUIColor+Extension.swift */; };
		936AE2861FDBCE9A00CD9F18 /* ZLConfiguration.swift in Sources */ = {isa = PBXBuildFile; fileRef = 936AE2851FDBCE9A00CD9F18 /* ZLConfiguration.swift */; };
		936AE2881FDBD37100CD9F18 /* ZLScreenParmeters.swift in Sources */ = {isa = PBXBuildFile; fileRef = 936AE2871FDBD37100CD9F18 /* ZLScreenParmeters.swift */; };
		9393FC741FDE311200E50521 /* ZLUIView+Extension.swift in Sources */ = {isa = PBXBuildFile; fileRef = 9393FC731FDE311200E50521 /* ZLUIView+Extension.swift */; };
		9393FC771FDE6A1500E50521 /* ZLMineTableViewCell.swift in Sources */ = {isa = PBXBuildFile; fileRef = 9393FC761FDE6A1500E50521 /* ZLMineTableViewCell.swift */; };
/* End PBXBuildFile section */

/* Begin PBXFileReference section */
		936AE2591FDBB94900CD9F18 /* ZLSPAR.app */ = {isa = PBXFileReference; explicitFileType = wrapper.application; includeInIndex = 0; path = ZLSPAR.app; sourceTree = BUILT_PRODUCTS_DIR; };
		936AE25C1FDBB94900CD9F18 /* AppDelegate.swift */ = {isa = PBXFileReference; lastKnownFileType = sourcecode.swift; path = AppDelegate.swift; sourceTree = "<group>"; };
		936AE2631FDBB94900CD9F18 /* Assets.xcassets */ = {isa = PBXFileReference; lastKnownFileType = folder.assetcatalog; path = Assets.xcassets; sourceTree = "<group>"; };
		936AE2661FDBB94900CD9F18 /* Base */ = {isa = PBXFileReference; lastKnownFileType = file.storyboard; name = Base; path = Base.lproj/LaunchScreen.storyboard; sourceTree = "<group>"; };
		936AE2681FDBB94900CD9F18 /* Info.plist */ = {isa = PBXFileReference; lastKnownFileType = text.plist.xml; path = Info.plist; sourceTree = "<group>"; };
		936AE2731FDBBB0600CD9F18 /* ZLTabBarController.swift */ = {isa = PBXFileReference; lastKnownFileType = sourcecode.swift; path = ZLTabBarController.swift; sourceTree = "<group>"; };
		936AE2751FDBBB3400CD9F18 /* ZLBaseViewController.swift */ = {isa = PBXFileReference; lastKnownFileType = sourcecode.swift; path = ZLBaseViewController.swift; sourceTree = "<group>"; };
		936AE27B1FDBBC0F00CD9F18 /* ZLMineViewController.swift */ = {isa = PBXFileReference; lastKnownFileType = sourcecode.swift; path = ZLMineViewController.swift; sourceTree = "<group>"; };
		936AE27D1FDBBC1C00CD9F18 /* ZLMainViewController.swift */ = {isa = PBXFileReference; lastKnownFileType = sourcecode.swift; path = ZLMainViewController.swift; sourceTree = "<group>"; };
		936AE2831FDBC6C800CD9F18 /* ZLUIColor+Extension.swift */ = {isa = PBXFileReference; lastKnownFileType = sourcecode.swift; path = "ZLUIColor+Extension.swift"; sourceTree = "<group>"; };
		936AE2851FDBCE9A00CD9F18 /* ZLConfiguration.swift */ = {isa = PBXFileReference; lastKnownFileType = sourcecode.swift; path = ZLConfiguration.swift; sourceTree = "<group>"; };
		936AE2871FDBD37100CD9F18 /* ZLScreenParmeters.swift */ = {isa = PBXFileReference; lastKnownFileType = sourcecode.swift; path = ZLScreenParmeters.swift; sourceTree = "<group>"; };
		9393FC731FDE311200E50521 /* ZLUIView+Extension.swift */ = {isa = PBXFileReference; lastKnownFileType = sourcecode.swift; path = "ZLUIView+Extension.swift"; sourceTree = "<group>"; };
		9393FC761FDE6A1500E50521 /* ZLMineTableViewCell.swift */ = {isa = PBXFileReference; lastKnownFileType = sourcecode.swift; path = ZLMineTableViewCell.swift; sourceTree = "<group>"; };
/* End PBXFileReference section */

/* Begin PBXFrameworksBuildPhase section */
		936AE2561FDBB94900CD9F18 /* Frameworks */ = {
			isa = PBXFrameworksBuildPhase;
			buildActionMask = 2147483647;
			files = (
			);
			runOnlyForDeploymentPostprocessing = 0;
		};
/* End PBXFrameworksBuildPhase section */

/* Begin PBXGroup section */
		935EB8BD1FDF890D0022E571 /* Model */ = {
			isa = PBXGroup;
			children = (
			);
			path = Model;
			sourceTree = "<group>";
		};
		935EB8BE1FDFB3840022E571 /* NetworkModel */ = {
			isa = PBXGroup;
			children = (
			);
			path = NetworkModel;
			sourceTree = "<group>";
		};
		936AE2501FDBB94900CD9F18 = {
			isa = PBXGroup;
			children = (
				936AE25B1FDBB94900CD9F18 /* ZLSPAR */,
				936AE25A1FDBB94900CD9F18 /* Products */,
			);
			sourceTree = "<group>";
		};
		936AE25A1FDBB94900CD9F18 /* Products */ = {
			isa = PBXGroup;
			children = (
				936AE2591FDBB94900CD9F18 /* ZLSPAR.app */,
			);
			name = Products;
			sourceTree = "<group>";
		};
		936AE25B1FDBB94900CD9F18 /* ZLSPAR */ = {
			isa = PBXGroup;
			children = (
				936AE25C1FDBB94900CD9F18 /* AppDelegate.swift */,
				936AE2711FDBBAC300CD9F18 /* Classer */,
				936AE26E1FDBB96F00CD9F18 /* SupportingFiles */,
			);
			path = ZLSPAR;
			sourceTree = "<group>";
		};
		936AE26E1FDBB96F00CD9F18 /* SupportingFiles */ = {
			isa = PBXGroup;
			children = (
				936AE2631FDBB94900CD9F18 /* Assets.xcassets */,
				936AE2651FDBB94900CD9F18 /* LaunchScreen.storyboard */,
				936AE2681FDBB94900CD9F18 /* Info.plist */,
				936AE2851FDBCE9A00CD9F18 /* ZLConfiguration.swift */,
			);
			path = SupportingFiles;
			sourceTree = "<group>";
		};
		936AE2711FDBBAC300CD9F18 /* Classer */ = {
			isa = PBXGroup;
			children = (
				936AE27A1FDBBB7400CD9F18 /* Tools */,
				936AE2791FDBBB6B00CD9F18 /* Other */,
				936AE2781FDBBB4C00CD9F18 /* Mine */,
				936AE2771FDBBB4000CD9F18 /* Main */,
				936AE2721FDBBACE00CD9F18 /* Base */,
			);
			path = Classer;
			sourceTree = "<group>";
		};
		936AE2721FDBBACE00CD9F18 /* Base */ = {
			isa = PBXGroup;
			children = (
				936AE2731FDBBB0600CD9F18 /* ZLTabBarController.swift */,
				936AE2751FDBBB3400CD9F18 /* ZLBaseViewController.swift */,
			);
			path = Base;
			sourceTree = "<group>";
		};
		936AE2771FDBBB4000CD9F18 /* Main */ = {
			isa = PBXGroup;
			children = (
				936AE27D1FDBBC1C00CD9F18 /* ZLMainViewController.swift */,
			);
			path = Main;
			sourceTree = "<group>";
		};
		936AE2781FDBBB4C00CD9F18 /* Mine */ = {
			isa = PBXGroup;
			children = (
				936AE27B1FDBBC0F00CD9F18 /* ZLMineViewController.swift */,
				935EB8BD1FDF890D0022E571 /* Model */,
				9393FC751FDE69FE00E50521 /* View */,
			);
			path = Mine;
			sourceTree = "<group>";
		};
		936AE2791FDBBB6B00CD9F18 /* Other */ = {
			isa = PBXGroup;
			children = (
			);
			path = Other;
			sourceTree = "<group>";
		};
		936AE27A1FDBBB7400CD9F18 /* Tools */ = {
			isa = PBXGroup;
			children = (
				935EB8BE1FDFB3840022E571 /* NetworkModel */,
				936AE2801FDBBF7600CD9F18 /* Extension */,
			);
			path = Tools;
			sourceTree = "<group>";
		};
		936AE2801FDBBF7600CD9F18 /* Extension */ = {
			isa = PBXGroup;
			children = (
				936AE2831FDBC6C800CD9F18 /* ZLUIColor+Extension.swift */,
				936AE2871FDBD37100CD9F18 /* ZLScreenParmeters.swift */,
				9393FC731FDE311200E50521 /* ZLUIView+Extension.swift */,
			);
			path = Extension;
			sourceTree = "<group>";
		};
		9393FC751FDE69FE00E50521 /* View */ = {
			isa = PBXGroup;
			children = (
				9393FC761FDE6A1500E50521 /* ZLMineTableViewCell.swift */,
			);
			path = View;
			sourceTree = "<group>";
		};
/* End PBXGroup section */

/* Begin PBXNativeTarget section */
		936AE2581FDBB94900CD9F18 /* ZLSPAR */ = {
			isa = PBXNativeTarget;
			buildConfigurationList = 936AE26B1FDBB94900CD9F18 /* Build configuration list for PBXNativeTarget "ZLSPAR" */;
			buildPhases = (
				936AE2551FDBB94900CD9F18 /* Sources */,
				936AE2561FDBB94900CD9F18 /* Frameworks */,
				936AE2571FDBB94900CD9F18 /* Resources */,
			);
			buildRules = (
			);
			dependencies = (
			);
			name = ZLSPAR;
			productName = ZLSPAR;
			productReference = 936AE2591FDBB94900CD9F18 /* ZLSPAR.app */;
			productType = "com.apple.product-type.application";
		};
/* End PBXNativeTarget section */

/* Begin PBXProject section */
		936AE2511FDBB94900CD9F18 /* Project object */ = {
			isa = PBXProject;
			attributes = {
				CLASSPREFIX = ZL;
				LastSwiftUpdateCheck = 0920;
				LastUpgradeCheck = 0920;
				ORGANIZATIONNAME = "晶石";
				TargetAttributes = {
					936AE2581FDBB94900CD9F18 = {
						CreatedOnToolsVersion = 9.2;
						ProvisioningStyle = Automatic;
					};
				};
			};
			buildConfigurationList = 936AE2541FDBB94900CD9F18 /* Build configuration list for PBXProject "ZLSPAR" */;
			compatibilityVersion = "Xcode 8.0";
			developmentRegion = en;
			hasScannedForEncodings = 0;
			knownRegions = (
				en,
				Base,
			);
			mainGroup = 936AE2501FDBB94900CD9F18;
			productRefGroup = 936AE25A1FDBB94900CD9F18 /* Products */;
			projectDirPath = "";
			projectRoot = "";
			targets = (
				936AE2581FDBB94900CD9F18 /* ZLSPAR */,
			);
		};
/* End PBXProject section */

/* Begin PBXResourcesBuildPhase section */
		936AE2571FDBB94900CD9F18 /* Resources */ = {
			isa = PBXResourcesBuildPhase;
			buildActionMask = 2147483647;
			files = (
				936AE2671FDBB94900CD9F18 /* LaunchScreen.storyboard in Resources */,
				936AE2641FDBB94900CD9F18 /* Assets.xcassets in Resources */,
			);
			runOnlyForDeploymentPostprocessing = 0;
		};
/* End PBXResourcesBuildPhase section */

/* Begin PBXSourcesBuildPhase section */
		936AE2551FDBB94900CD9F18 /* Sources */ = {
			isa = PBXSourcesBuildPhase;
			buildActionMask = 2147483647;
			files = (
				9393FC771FDE6A1500E50521 /* ZLMineTableViewCell.swift in Sources */,
				9393FC741FDE311200E50521 /* ZLUIView+Extension.swift in Sources */,
				936AE2861FDBCE9A00CD9F18 /* ZLConfiguration.swift in Sources */,
				936AE25D1FDBB94900CD9F18 /* AppDelegate.swift in Sources */,
				936AE2741FDBBB0600CD9F18 /* ZLTabBarController.swift in Sources */,
				936AE2881FDBD37100CD9F18 /* ZLScreenParmeters.swift in Sources */,
				936AE2761FDBBB3400CD9F18 /* ZLBaseViewController.swift in Sources */,
				936AE2841FDBC6C800CD9F18 /* ZLUIColor+Extension.swift in Sources */,
				936AE27C1FDBBC0F00CD9F18 /* ZLMineViewController.swift in Sources */,
				936AE27E1FDBBC1C00CD9F18 /* ZLMainViewController.swift in Sources */,
			);
			runOnlyForDeploymentPostprocessing = 0;
		};
/* End PBXSourcesBuildPhase section */

/* Begin PBXVariantGroup section */
		936AE2651FDBB94900CD9F18 /* LaunchScreen.storyboard */ = {
			isa = PBXVariantGroup;
			children = (
				936AE2661FDBB94900CD9F18 /* Base */,
			);
			name = LaunchScreen.storyboard;
			sourceTree = "<group>";
		};
/* End PBXVariantGroup section */

/* Begin XCBuildConfiguration section */
		936AE2691FDBB94900CD9F18 /* Debug */ = {
			isa = XCBuildConfiguration;
			buildSettings = {
				ALWAYS_SEARCH_USER_PATHS = NO;
				CLANG_ANALYZER_NONNULL = YES;
				CLANG_ANALYZER_NUMBER_OBJECT_CONVERSION = YES_AGGRESSIVE;
				CLANG_CXX_LANGUAGE_STANDARD = "gnu++14";
				CLANG_CXX_LIBRARY = "libc++";
				CLANG_ENABLE_MODULES = YES;
				CLANG_ENABLE_OBJC_ARC = YES;
				CLANG_WARN_BLOCK_CAPTURE_AUTORELEASING = YES;
				CLANG_WARN_BOOL_CONVERSION = YES;
				CLANG_WARN_COMMA = YES;
				CLANG_WARN_CONSTANT_CONVERSION = YES;
				CLANG_WARN_DIRECT_OBJC_ISA_USAGE = YES_ERROR;
				CLANG_WARN_DOCUMENTATION_COMMENTS = YES;
				CLANG_WARN_EMPTY_BODY = YES;
				CLANG_WARN_ENUM_CONVERSION = YES;
				CLANG_WARN_INFINITE_RECURSION = YES;
				CLANG_WARN_INT_CONVERSION = YES;
				CLANG_WARN_NON_LITERAL_NULL_CONVERSION = YES;
				CLANG_WARN_OBJC_LITERAL_CONVERSION = YES;
				CLANG_WARN_OBJC_ROOT_CLASS = YES_ERROR;
				CLANG_WARN_RANGE_LOOP_ANALYSIS = YES;
				CLANG_WARN_STRICT_PROTOTYPES = YES;
				CLANG_WARN_SUSPICIOUS_MOVE = YES;
				CLANG_WARN_UNGUARDED_AVAILABILITY = YES_AGGRESSIVE;
				CLANG_WARN_UNREACHABLE_CODE = YES;
				CLANG_WARN__DUPLICATE_METHOD_MATCH = YES;
				CODE_SIGN_IDENTITY = "iPhone Developer";
				COPY_PHASE_STRIP = NO;
				DEBUG_INFORMATION_FORMAT = dwarf;
				ENABLE_STRICT_OBJC_MSGSEND = YES;
				ENABLE_TESTABILITY = YES;
				GCC_C_LANGUAGE_STANDARD = gnu11;
				GCC_DYNAMIC_NO_PIC = NO;
				GCC_NO_COMMON_BLOCKS = YES;
				GCC_OPTIMIZATION_LEVEL = 0;
				GCC_PREPROCESSOR_DEFINITIONS = (
					"DEBUG=1",
					"$(inherited)",
				);
				GCC_WARN_64_TO_32_BIT_CONVERSION = YES;
				GCC_WARN_ABOUT_RETURN_TYPE = YES_ERROR;
				GCC_WARN_UNDECLARED_SELECTOR = YES;
				GCC_WARN_UNINITIALIZED_AUTOS = YES_AGGRESSIVE;
				GCC_WARN_UNUSED_FUNCTION = YES;
				GCC_WARN_UNUSED_VARIABLE = YES;
				IPHONEOS_DEPLOYMENT_TARGET = 11.2;
				MTL_ENABLE_DEBUG_INFO = YES;
				ONLY_ACTIVE_ARCH = YES;
				SDKROOT = iphoneos;
				SWIFT_ACTIVE_COMPILATION_CONDITIONS = DEBUG;
				SWIFT_OPTIMIZATION_LEVEL = "-Onone";
			};
			name = Debug;
		};
		936AE26A1FDBB94900CD9F18 /* Release */ = {
			isa = XCBuildConfiguration;
			buildSettings = {
				ALWAYS_SEARCH_USER_PATHS = NO;
				CLANG_ANALYZER_NONNULL = YES;
				CLANG_ANALYZER_NUMBER_OBJECT_CONVERSION = YES_AGGRESSIVE;
				CLANG_CXX_LANGUAGE_STANDARD = "gnu++14";
				CLANG_CXX_LIBRARY = "libc++";
				CLANG_ENABLE_MODULES = YES;
				CLANG_ENABLE_OBJC_ARC = YES;
				CLANG_WARN_BLOCK_CAPTURE_AUTORELEASING = YES;
				CLANG_WARN_BOOL_CONVERSION = YES;
				CLANG_WARN_COMMA = YES;
				CLANG_WARN_CONSTANT_CONVERSION = YES;
				CLANG_WARN_DIRECT_OBJC_ISA_USAGE = YES_ERROR;
				CLANG_WARN_DOCUMENTATION_COMMENTS = YES;
				CLANG_WARN_EMPTY_BODY = YES;
				CLANG_WARN_ENUM_CONVERSION = YES;
				CLANG_WARN_INFINITE_RECURSION = YES;
				CLANG_WARN_INT_CONVERSION = YES;
				CLANG_WARN_NON_LITERAL_NULL_CONVERSION = YES;
				CLANG_WARN_OBJC_LITERAL_CONVERSION = YES;
				CLANG_WARN_OBJC_ROOT_CLASS = YES_ERROR;
				CLANG_WARN_RANGE_LOOP_ANALYSIS = YES;
				CLANG_WARN_STRICT_PROTOTYPES = YES;
				CLANG_WARN_SUSPICIOUS_MOVE = YES;
				CLANG_WARN_UNGUARDED_AVAILABILITY = YES_AGGRESSIVE;
				CLANG_WARN_UNREACHABLE_CODE = YES;
				CLANG_WARN__DUPLICATE_METHOD_MATCH = YES;
				CODE_SIGN_IDENTITY = "iPhone Developer";
				COPY_PHASE_STRIP = NO;
				DEBUG_INFORMATION_FORMAT = "dwarf-with-dsym";
				ENABLE_NS_ASSERTIONS = NO;
				ENABLE_STRICT_OBJC_MSGSEND = YES;
				GCC_C_LANGUAGE_STANDARD = gnu11;
				GCC_NO_COMMON_BLOCKS = YES;
				GCC_WARN_64_TO_32_BIT_CONVERSION = YES;
				GCC_WARN_ABOUT_RETURN_TYPE = YES_ERROR;
				GCC_WARN_UNDECLARED_SELECTOR = YES;
				GCC_WARN_UNINITIALIZED_AUTOS = YES_AGGRESSIVE;
				GCC_WARN_UNUSED_FUNCTION = YES;
				GCC_WARN_UNUSED_VARIABLE = YES;
				IPHONEOS_DEPLOYMENT_TARGET = 11.2;
				MTL_ENABLE_DEBUG_INFO = NO;
				SDKROOT = iphoneos;
				SWIFT_OPTIMIZATION_LEVEL = "-Owholemodule";
				VALIDATE_PRODUCT = YES;
			};
			name = Release;
		};
		936AE26C1FDBB94900CD9F18 /* Debug */ = {
			isa = XCBuildConfiguration;
			buildSettings = {
				ASSETCATALOG_COMPILER_APPICON_NAME = AppIcon;
				ASSETCATALOG_COMPILER_LAUNCHIMAGE_NAME = LaunchImage;
				CODE_SIGN_STYLE = Automatic;
				DEVELOPMENT_TEAM = VLGW4U4963;
				INFOPLIST_FILE = "$(SRCROOT)/ZLSPAR/SupportingFiles/Info.plist";
				IPHONEOS_DEPLOYMENT_TARGET = 8.0;
				LD_RUNPATH_SEARCH_PATHS = "$(inherited) @executable_path/Frameworks";
				PRODUCT_BUNDLE_IDENTIFIER = com.deren.ZLSPAR;
				PRODUCT_NAME = "$(TARGET_NAME)";
				SWIFT_VERSION = 4.0;
				TARGETED_DEVICE_FAMILY = "1,2";
			};
			name = Debug;
		};
		936AE26D1FDBB94900CD9F18 /* Release */ = {
			isa = XCBuildConfiguration;
			buildSettings = {
				ASSETCATALOG_COMPILER_APPICON_NAME = AppIcon;
				ASSETCATALOG_COMPILER_LAUNCHIMAGE_NAME = LaunchImage;
				CODE_SIGN_STYLE = Automatic;
				DEVELOPMENT_TEAM = VLGW4U4963;
				INFOPLIST_FILE = "$(SRCROOT)/ZLSPAR/SupportingFiles/Info.plist";
				IPHONEOS_DEPLOYMENT_TARGET = 8.0;
				LD_RUNPATH_SEARCH_PATHS = "$(inherited) @executable_path/Frameworks";
				PRODUCT_BUNDLE_IDENTIFIER = com.deren.ZLSPAR;
				PRODUCT_NAME = "$(TARGET_NAME)";
				SWIFT_VERSION = 4.0;
				TARGETED_DEVICE_FAMILY = "1,2";
			};
			name = Release;
		};
/* End XCBuildConfiguration section */

/* Begin XCConfigurationList section */
		936AE2541FDBB94900CD9F18 /* Build configuration list for PBXProject "ZLSPAR" */ = {
			isa = XCConfigurationList;
			buildConfigurations = (
				936AE2691FDBB94900CD9F18 /* Debug */,
				936AE26A1FDBB94900CD9F18 /* Release */,
			);
			defaultConfigurationIsVisible = 0;
			defaultConfigurationName = Release;
		};
		936AE26B1FDBB94900CD9F18 /* Build configuration list for PBXNativeTarget "ZLSPAR" */ = {
			isa = XCConfigurationList;
			buildConfigurations = (
				936AE26C1FDBB94900CD9F18 /* Debug */,
				936AE26D1FDBB94900CD9F18 /* Release */,
			);
			defaultConfigurationIsVisible = 0;
			defaultConfigurationName = Release;
		};
/* End XCConfigurationList section */
	};
	rootObject = 936AE2511FDBB94900CD9F18 /* Project object */;
}
